
Microsoft Visual Studio Solution File, Format Version 12.00
# Visual Studio Version 17
VisualStudioVersion = 17.2.32526.322
MinimumVisualStudioVersion = 10.0.40219.1
Project("{FAE04EC0-301F-11D3-BF4B-00C04F79EFBC}") = "Termo", "Termo\Termo.csproj", "{C98A2B51-D7DF-4260-A22A-775C9F063232}"
EndProject
Global
	GlobalSection(SolutionConfigurationPlatforms) = preSolution
		Debug|Any CPU = Debug|Any CPU
		Release|Any CPU = Release|Any CPU
	EndGlobalSection
	GlobalSection(ProjectConfigurationPlatforms) = postSolution
		{C98A2B51-D7DF-4260-A22A-775C9F063232}.Debug|Any CPU.ActiveCfg = Debug|Any CPU
		{C98A2B51-D7DF-4260-A22A-775C9F063232}.Debug|Any CPU.Build.0 = Debug|Any CPU
		{C98A2B51-D7DF-4260-A22A-775C9F063232}.Release|Any CPU.ActiveCfg = Release|Any CPU
		{C98A2B51-D7DF-4260-A22A-775C9F063232}.Release|Any CPU.Build.0 = Release|Any CPU
	EndGlobalSection
	GlobalSection(SolutionProperties) = preSolution
		HideSolutionNode = FALSE
	EndGlobalSection
	GlobalSection(ExtensibilityGlobals) = postSolution
		SolutionGuid = {7C848B1C-7492-4B39-A15C-A2D990E37AD7}
	EndGlobalSection
EndGlobal
